// !$*UTF8*$!
{
	archiveVersion = 1;
	classes = {
	};
	objectVersion = 46;
	objects = {

/* Begin PBXBuildFile section */
		57349EB21E7F991E004A27FE /* AppDelegate.swift in Sources */ = {isa = PBXBuildFile; fileRef = 57349EB11E7F991E004A27FE /* AppDelegate.swift */; };
		57349EB41E7F991E004A27FE /* ViewController.swift in Sources */ = {isa = PBXBuildFile; fileRef = 57349EB31E7F991E004A27FE /* ViewController.swift */; };
		57349EB71E7F991E004A27FE /* Main.storyboard in Resources */ = {isa = PBXBuildFile; fileRef = 57349EB51E7F991E004A27FE /* Main.storyboard */; };
		57349EB91E7F991E004A27FE /* Assets.xcassets in Resources */ = {isa = PBXBuildFile; fileRef = 57349EB81E7F991E004A27FE /* Assets.xcassets */; };
		57349EBC1E7F991E004A27FE /* LaunchScreen.storyboard in Resources */ = {isa = PBXBuildFile; fileRef = 57349EBA1E7F991E004A27FE /* LaunchScreen.storyboard */; };
/* End PBXBuildFile section */

/* Begin PBXFileReference section */
		57349EAE1E7F991D004A27FE /* Favoritos.app */ = {isa = PBXFileReference; explicitFileType = wrapper.application; includeInIndex = 0; path = Favoritos.app; sourceTree = BUILT_PRODUCTS_DIR; };
		57349EB11E7F991E004A27FE /* AppDelegate.swift */ = {isa = PBXFileReference; lastKnownFileType = sourcecode.swift; path = AppDelegate.swift; sourceTree = "<group>"; };
		57349EB31E7F991E004A27FE /* ViewController.swift */ = {isa = PBXFileReference; lastKnownFileType = sourcecode.swift; path = ViewController.swift; sourceTree = "<group>"; };
		57349EB61E7F991E004A27FE /* Base */ = {isa = PBXFileReference; lastKnownFileType = file.storyboard; name = Base; path = Base.lproj/Main.storyboard; sourceTree = "<group>"; };
		57349EB81E7F991E004A27FE /* Assets.xcassets */ = {isa = PBXFileReference; lastKnownFileType = folder.assetcatalog; path = Assets.xcassets; sourceTree = "<group>"; };
		57349EBB1E7F991E004A27FE /* Base */ = {isa = PBXFileReference; lastKnownFileType = file.storyboard; name = Base; path = Base.lproj/LaunchScreen.storyboard; sourceTree = "<group>"; };
		57349EBD1E7F991E004A27FE /* Info.plist */ = {isa = PBXFileReference; lastKnownFileType = text.plist.xml; path = Info.plist; sourceTree = "<group>"; };
/* End PBXFileReference section */

/* Begin PBXFrameworksBuildPhase section */
		57349EAB1E7F991D004A27FE /* Frameworks */ = {
			isa = PBXFrameworksBuildPhase;
			buildActionMask = 2147483647;
			files = (
			);
			runOnlyForDeploymentPostprocessing = 0;
		};
/* End PBXFrameworksBuildPhase section */

/* Begin PBXGroup section */
		57349EA51E7F991D004A27FE = {
			isa = PBXGroup;
			children = (
				57349EB01E7F991E004A27FE /* Favoritos */,
				57349EAF1E7F991D004A27FE /* Products */,
			);
			sourceTree = "<group>";
		};
		57349EAF1E7F991D004A27FE /* Products */ = {
			isa = PBXGroup;
			children = (
				57349EAE1E7F991D004A27FE /* Favoritos.app */,
			);
			name = Products;
			sourceTree = "<group>";
		};
		57349EB01E7F991E004A27FE /* Favoritos */ = {
			isa = PBXGroup;
			children = (
				57349EB11E7F991E004A27FE /* AppDelegate.swift */,
				57349EB31E7F991E004A27FE /* ViewController.swift */,
				57349EB51E7F991E004A27FE /* Main.storyboard */,
				57349EB81E7F991E004A27FE /* Assets.xcassets */,
				57349EBA1E7F991E004A27FE /* LaunchScreen.storyboard */,
				57349EBD1E7F991E004A27FE /* Info.plist */,
			);
			path = Favoritos;
			sourceTree = "<group>";
		};
/* End PBXGroup section */

/* Begin PBXNativeTarget section */
		57349EAD1E7F991D004A27FE /* Favoritos */ = {
			isa = PBXNativeTarget;
			buildConfigurationList = 57349EC01E7F991E004A27FE /* Build configuration list for PBXNativeTarget "Favoritos" */;
			buildPhases = (
				57349EAA1E7F991D004A27FE /* Sources */,
				57349EAB1E7F991D004A27FE /* Frameworks */,
				57349EAC1E7F991D004A27FE /* Resources */,
			);
			buildRules = (
			);
			dependencies = (
			);
			name = Favoritos;
			productName = Favoritos;
			productReference = 57349EAE1E7F991D004A27FE /* Favoritos.app */;
			productType = "com.apple.product-type.application";
		};
/* End PBXNativeTarget section */

/* Begin PBXProject section */
		57349EA61E7F991D004A27FE /* Project object */ = {
			isa = PBXProject;
			attributes = {
				LastSwiftUpdateCheck = 0730;
				LastUpgradeCheck = 0730;
				ORGANIZATIONNAME = "Victor Hugo Vázquez Riojas";
				TargetAttributes = {
					57349EAD1E7F991D004A27FE = {
						CreatedOnToolsVersion = 7.3.1;
					};
				};
			};
			buildConfigurationList = 57349EA91E7F991D004A27FE /* Build configuration list for PBXProject "Favoritos" */;
			compatibilityVersion = "Xcode 3.2";
			developmentRegion = English;
			hasScannedForEncodings = 0;
			knownRegions = (
				en,
				Base,
			);
			mainGroup = 57349EA51E7F991D004A27FE;
			productRefGroup = 57349EAF1E7F991D004A27FE /* Products */;
			projectDirPath = "";
			projectRoot = "";
			targets = (
				57349EAD1E7F991D004A27FE /* Favoritos */,
			);
		};
/* End PBXProject section */

/* Begin PBXResourcesBuildPhase section */
		57349EAC1E7F991D004A27FE /* Resources */ = {
			isa = PBXResourcesBuildPhase;
			buildActionMask = 2147483647;
			files = (
				57349EBC1E7F991E004A27FE /* LaunchScreen.storyboard in Resources */,
				57349EB91E7F991E004A27FE /* Assets.xcassets in Resources */,
				57349EB71E7F991E004A27FE /* Main.storyboard in Resources */,
			);
			runOnlyForDeploymentPostprocessing = 0;
		};
/* End PBXResourcesBuildPhase section */

/* Begin PBXSourcesBuildPhase section */
		57349EAA1E7F991D004A27FE /* Sources */ = {
			isa = PBXSourcesBuildPhase;
			buildActionMask = 2147483647;
			files = (
				57349EB41E7F991E004A27FE /* ViewController.swift in Sources */,
				57349EB21E7F991E004A27FE /* AppDelegate.swift in Sources */,
			);
			runOnlyForDeploymentPostprocessing = 0;
		};
/* End PBXSourcesBuildPhase section */

/* Begin PBXVariantGroup section */
		57349EB51E7F991E004A27FE /* Main.storyboard */ = {
			isa = PBXVariantGroup;
			children = (
				57349EB61E7F991E004A27FE /* Base */,
			);
			name = Main.storyboard;
			sourceTree = "<group>";
		};
		57349EBA1E7F991E004A27FE /* LaunchScreen.storyboard */ = {
			isa = PBXVariantGroup;
			children = (
				57349EBB1E7F991E004A27FE /* Base */,
			);
			name = LaunchScreen.storyboard;
			sourceTree = "<group>";
		};
/* End PBXVariantGroup section */

/* Begin XCBuildConfiguration section */
		57349EBE1E7F991E004A27FE /* Debug */ = {
			isa = XCBuildConfiguration;
			buildSettings = {
				ALWAYS_SEARCH_USER_PATHS = NO;
				CLANG_ANALYZER_NONNULL = YES;
				CLANG_CXX_LANGUAGE_STANDARD = "gnu++0x";
				CLANG_CXX_LIBRARY = "libc++";
				CLANG_ENABLE_MODULES = YES;
				CLANG_ENABLE_OBJC_ARC = YES;
				CLANG_WARN_BOOL_CONVERSION = YES;
				CLANG_WARN_CONSTANT_CONVERSION = YES;
				CLANG_WARN_DIRECT_OBJC_ISA_USAGE = YES_ERROR;
				CLANG_WARN_EMPTY_BODY = YES;
				CLANG_WARN_ENUM_CONVERSION = YES;
				CLANG_WARN_INT_CONVERSION = YES;
				CLANG_WARN_OBJC_ROOT_CLASS = YES_ERROR;
				CLANG_WARN_UNREACHABLE_CODE = YES;
				CLANG_WARN__DUPLICATE_METHOD_MATCH = YES;
				"CODE_SIGN_IDENTITY[sdk=iphoneos*]" = "iPhone Developer";
				COPY_PHASE_STRIP = NO;
				DEBUG_INFORMATION_FORMAT = dwarf;
				ENABLE_STRICT_OBJC_MSGSEND = YES;
				ENABLE_TESTABILITY = YES;
				GCC_C_LANGUAGE_STANDARD = gnu99;
				GCC_DYNAMIC_NO_PIC = NO;
				GCC_NO_COMMON_BLOCKS = YES;
				GCC_OPTIMIZATION_LEVEL = 0;
				GCC_PREPROCESSOR_DEFINITIONS = (
					"DEBUG=1",
					"$(inherited)",
				);
				GCC_WARN_64_TO_32_BIT_CONVERSION = YES;
				GCC_WARN_ABOUT_RETURN_TYPE = YES_ERROR;
				GCC_WARN_UNDECLARED_SELECTOR = YES;
				GCC_WARN_UNINITIALIZED_AUTOS = YES_AGGRESSIVE;
				GCC_WARN_UNUSED_FUNCTION = YES;
				GCC_WARN_UNUSED_VARIABLE = YES;
				IPHONEOS_DEPLOYMENT_TARGET = 9.3;
				MTL_ENABLE_DEBUG_INFO = YES;
				ONLY_ACTIVE_ARCH = YES;
				SDKROOT = iphoneos;
				SWIFT_OPTIMIZATION_LEVEL = "-Onone";
			};
			name = Debug;
		};
		57349EBF1E7F991E004A27FE /* Release */ = {
			isa = XCBuildConfiguration;
			buildSettings = {
				ALWAYS_SEARCH_USER_PATHS = NO;
				CLANG_ANALYZER_NONNULL = YES;
				CLANG_CXX_LANGUAGE_STANDARD = "gnu++0x";
				CLANG_CXX_LIBRARY = "libc++";
				CLANG_ENABLE_MODULES = YES;
				CLANG_ENABLE_OBJC_ARC = YES;
				CLANG_WARN_BOOL_CONVERSION = YES;
				CLANG_WARN_CONSTANT_CONVERSION = YES;
				CLANG_WARN_DIRECT_OBJC_ISA_USAGE = YES_ERROR;
				CLANG_WARN_EMPTY_BODY = YES;
				CLANG_WARN_ENUM_CONVERSION = YES;
				CLANG_WARN_INT_CONVERSION = YES;
				CLANG_WARN_OBJC_ROOT_CLASS = YES_ERROR;
				CLANG_WARN_UNREACHABLE_CODE = YES;
				CLANG_WARN__DUPLICATE_METHOD_MATCH = YES;
				"CODE_SIGN_IDENTITY[sdk=iphoneos*]" = "iPhone Developer";
				COPY_PHASE_STRIP = NO;
				DEBUG_INFORMATION_FORMAT = "dwarf-with-dsym";
				ENABLE_NS_ASSERTIONS = NO;
				ENABLE_STRICT_OBJC_MSGSEND = YES;
				GCC_C_LANGUAGE_STANDARD = gnu99;
				GCC_NO_COMMON_BLOCKS = YES;
				GCC_WARN_64_TO_32_BIT_CONVERSION = YES;
				GCC_WARN_ABOUT_RETURN_TYPE = YES_ERROR;
				GCC_WARN_UNDECLARED_SELECTOR = YES;
				GCC_WARN_UNINITIALIZED_AUTOS = YES_AGGRESSIVE;
				GCC_WARN_UNUSED_FUNCTION = YES;
				GCC_WARN_UNUSED_VARIABLE = YES;
				IPHONEOS_DEPLOYMENT_TARGET = 9.3;
				MTL_ENABLE_DEBUG_INFO = NO;
				SDKROOT = iphoneos;
				VALIDATE_PRODUCT = YES;
			};
			name = Release;
		};
		57349EC11E7F991E004A27FE /* Debug */ = {
			isa = XCBuildConfiguration;
			buildSettings = {
				ASSETCATALOG_COMPILER_APPICON_NAME = AppIcon;
				INFOPLIST_FILE = Favoritos/Info.plist;
				LD_RUNPATH_SEARCH_PATHS = "$(inherited) @executable_path/Frameworks";
				PRODUCT_BUNDLE_IDENTIFIER = mx.com.vvazquez.Favoritos;
				PRODUCT_NAME = "$(TARGET_NAME)";
			};
			name = Debug;
		};
		57349EC21E7F991E004A27FE /* Release */ = {
			isa = XCBuildConfiguration;
			buildSettings = {
				ASSETCATALOG_COMPILER_APPICON_NAME = AppIcon;
				INFOPLIST_FILE = Favoritos/Info.plist;
				LD_RUNPATH_SEARCH_PATHS = "$(inherited) @executable_path/Frameworks";
				PRODUCT_BUNDLE_IDENTIFIER = mx.com.vvazquez.Favoritos;
				PRODUCT_NAME = "$(TARGET_NAME)";
			};
			name = Release;
		};
/* End XCBuildConfiguration section */

/* Begin XCConfigurationList section */
		57349EA91E7F991D004A27FE /* Build configuration list for PBXProject "Favoritos" */ = {
			isa = XCConfigurationList;
			buildConfigurations = (
				57349EBE1E7F991E004A27FE /* Debug */,
				57349EBF1E7F991E004A27FE /* Release */,
			);
			defaultConfigurationIsVisible = 0;
			defaultConfigurationName = Release;
		};
		57349EC01E7F991E004A27FE /* Build configuration list for PBXNativeTarget "Favoritos" */ = {
			isa = XCConfigurationList;
			buildConfigurations = (
				57349EC11E7F991E004A27FE /* Debug */,
				57349EC21E7F991E004A27FE /* Release */,
			);
			defaultConfigurationIsVisible = 0;
		};
/* End XCConfigurationList section */
	};
	rootObject = 57349EA61E7F991D004A27FE /* Project object */;
}
